
Microsoft Visual Studio Solution File, Format Version 12.00
# Visual Studio 15
VisualStudioVersion = 15.0.28307.271
MinimumVisualStudioVersion = 10.0.40219.1
Project("{FAE04EC0-301F-11D3-BF4B-00C04F79EFBC}") = "SQLCDSG02.Android", "SQLCDSG02\SQLCDSG02.Android\SQLCDSG02.Android.csproj", "{732DF845-AD75-4B55-B57B-7E3EDDF4626C}"
EndProject
Project("{FAE04EC0-301F-11D3-BF4B-00C04F79EFBC}") = "SQLCDSG02.iOS", "SQLCDSG02\SQLCDSG02.iOS\SQLCDSG02.iOS.csproj", "{0CBAB2AE-688B-4101-89A8-1230F0328E0A}"
EndProject
Project("{FAE04EC0-301F-11D3-BF4B-00C04F79EFBC}") = "SQLCDSG02", "SQLCDSG02\SQLCDSG02\SQLCDSG02.csproj", "{7BF3E71A-F52C-4EA5-9DCC-B4922D73EEEE}"
EndProject
Global
	GlobalSection(SolutionConfigurationPlatforms) = preSolution
		Ad-Hoc|Any CPU = Ad-Hoc|Any CPU
		Ad-Hoc|iPhone = Ad-Hoc|iPhone
		Ad-Hoc|iPhoneSimulator = Ad-Hoc|iPhoneSimulator
		AppStore|Any CPU = AppStore|Any CPU
		AppStore|iPhone = AppStore|iPhone
		AppStore|iPhoneSimulator = AppStore|iPhoneSimulator
		Debug|Any CPU = Debug|Any CPU
		Debug|iPhone = Debug|iPhone
		Debug|iPhoneSimulator = Debug|iPhoneSimulator
		Release|Any CPU = Release|Any CPU
		Release|iPhone = Release|iPhone
		Release|iPhoneSimulator = Release|iPhoneSimulator
	EndGlobalSection
	GlobalSection(ProjectConfigurationPlatforms) = postSolution
		{732DF845-AD75-4B55-B57B-7E3EDDF4626C}.Ad-Hoc|Any CPU.ActiveCfg = Release|Any CPU
		{732DF845-AD75-4B55-B57B-7E3EDDF4626C}.Ad-Hoc|Any CPU.Build.0 = Release|Any CPU
		{732DF845-AD75-4B55-B57B-7E3EDDF4626C}.Ad-Hoc|Any CPU.Deploy.0 = Release|Any CPU
		{732DF845-AD75-4B55-B57B-7E3EDDF4626C}.Ad-Hoc|iPhone.ActiveCfg = Release|Any CPU
		{732DF845-AD75-4B55-B57B-7E3EDDF4626C}.Ad-Hoc|iPhone.Build.0 = Release|Any CPU
		{732DF845-AD75-4B55-B57B-7E3EDDF4626C}.Ad-Hoc|iPhone.Deploy.0 = Release|Any CPU
		{732DF845-AD75-4B55-B57B-7E3EDDF4626C}.Ad-Hoc|iPhoneSimulator.ActiveCfg = Release|Any CPU
		{732DF845-AD75-4B55-B57B-7E3EDDF4626C}.Ad-Hoc|iPhoneSimulator.Build.0 = Release|Any CPU
		{732DF845-AD75-4B55-B57B-7E3EDDF4626C}.Ad-Hoc|iPhoneSimulator.Deploy.0 = Release|Any CPU
		{732DF845-AD75-4B55-B57B-7E3EDDF4626C}.AppStore|Any CPU.ActiveCfg = Release|Any CPU
		{732DF845-AD75-4B55-B57B-7E3EDDF4626C}.AppStore|Any CPU.Build.0 = Release|Any CPU
		{732DF845-AD75-4B55-B57B-7E3EDDF4626C}.AppStore|Any CPU.Deploy.0 = Release|Any CPU
		{732DF845-AD75-4B55-B57B-7E3EDDF4626C}.AppStore|iPhone.ActiveCfg = Release|Any CPU
		{732DF845-AD75-4B55-B57B-7E3EDDF4626C}.AppStore|iPhone.Build.0 = Release|Any CPU
		{732DF845-AD75-4B55-B57B-7E3EDDF4626C}.AppStore|iPhone.Deploy.0 = Release|Any CPU
		{732DF845-AD75-4B55-B57B-7E3EDDF4626C}.AppStore|iPhoneSimulator.ActiveCfg = Release|Any CPU
		{732DF845-AD75-4B55-B57B-7E3EDDF4626C}.AppStore|iPhoneSimulator.Build.0 = Release|Any CPU
		{732DF845-AD75-4B55-B57B-7E3EDDF4626C}.AppStore|iPhoneSimulator.Deploy.0 = Release|Any CPU
		{732DF845-AD75-4B55-B57B-7E3EDDF4626C}.Debug|Any CPU.ActiveCfg = Debug|Any CPU
		{732DF845-AD75-4B55-B57B-7E3EDDF4626C}.Debug|Any CPU.Build.0 = Debug|Any CPU
		{732DF845-AD75-4B55-B57B-7E3EDDF4626C}.Debug|Any CPU.Deploy.0 = Debug|Any CPU
		{732DF845-AD75-4B55-B57B-7E3EDDF4626C}.Debug|iPhone.ActiveCfg = Debug|Any CPU
		{732DF845-AD75-4B55-B57B-7E3EDDF4626C}.Debug|iPhone.Build.0 = Debug|Any CPU
		{732DF845-AD75-4B55-B57B-7E3EDDF4626C}.Debug|iPhone.Deploy.0 = Debug|Any CPU
		{732DF845-AD75-4B55-B57B-7E3EDDF4626C}.Debug|iPhoneSimulator.ActiveCfg = Debug|Any CPU
		{732DF845-AD75-4B55-B57B-7E3EDDF4626C}.Debug|iPhoneSimulator.Build.0 = Debug|Any CPU
		{732DF845-AD75-4B55-B57B-7E3EDDF4626C}.Debug|iPhoneSimulator.Deploy.0 = Debug|Any CPU
		{732DF845-AD75-4B55-B57B-7E3EDDF4626C}.Release|Any CPU.ActiveCfg = Release|Any CPU
		{732DF845-AD75-4B55-B57B-7E3EDDF4626C}.Release|Any CPU.Build.0 = Release|Any CPU
		{732DF845-AD75-4B55-B57B-7E3EDDF4626C}.Release|Any CPU.Deploy.0 = Release|Any CPU
		{732DF845-AD75-4B55-B57B-7E3EDDF4626C}.Release|iPhone.ActiveCfg = Release|Any CPU
		{732DF845-AD75-4B55-B57B-7E3EDDF4626C}.Release|iPhone.Build.0 = Release|Any CPU
		{732DF845-AD75-4B55-B57B-7E3EDDF4626C}.Release|iPhone.Deploy.0 = Release|Any CPU
		{732DF845-AD75-4B55-B57B-7E3EDDF4626C}.Release|iPhoneSimulator.ActiveCfg = Release|Any CPU
		{732DF845-AD75-4B55-B57B-7E3EDDF4626C}.Release|iPhoneSimulator.Build.0 = Release|Any CPU
		{732DF845-AD75-4B55-B57B-7E3EDDF4626C}.Release|iPhoneSimulator.Deploy.0 = Release|Any CPU
		{0CBAB2AE-688B-4101-89A8-1230F0328E0A}.Ad-Hoc|Any CPU.ActiveCfg = Ad-Hoc|iPhone
		{0CBAB2AE-688B-4101-89A8-1230F0328E0A}.Ad-Hoc|Any CPU.Build.0 = Ad-Hoc|iPhone
		{0CBAB2AE-688B-4101-89A8-1230F0328E0A}.Ad-Hoc|Any CPU.Deploy.0 = Ad-Hoc|iPhone
		{0CBAB2AE-688B-4101-89A8-1230F0328E0A}.Ad-Hoc|iPhone.ActiveCfg = Ad-Hoc|iPhone
		{0CBAB2AE-688B-4101-89A8-1230F0328E0A}.Ad-Hoc|iPhone.Build.0 = Ad-Hoc|iPhone
		{0CBAB2AE-688B-4101-89A8-1230F0328E0A}.Ad-Hoc|iPhone.Deploy.0 = Ad-Hoc|iPhone
		{0CBAB2AE-688B-4101-89A8-1230F0328E0A}.Ad-Hoc|iPhoneSimulator.ActiveCfg = Ad-Hoc|iPhoneSimulator
		{0CBAB2AE-688B-4101-89A8-1230F0328E0A}.Ad-Hoc|iPhoneSimulator.Build.0 = Ad-Hoc|iPhoneSimulator
		{0CBAB2AE-688B-4101-89A8-1230F0328E0A}.Ad-Hoc|iPhoneSimulator.Deploy.0 = Ad-Hoc|iPhoneSimulator
		{0CBAB2AE-688B-4101-89A8-1230F0328E0A}.AppStore|Any CPU.ActiveCfg = AppStore|iPhone
		{0CBAB2AE-688B-4101-89A8-1230F0328E0A}.AppStore|Any CPU.Build.0 = AppStore|iPhone
		{0CBAB2AE-688B-4101-89A8-1230F0328E0A}.AppStore|Any CPU.Deploy.0 = AppStore|iPhone
		{0CBAB2AE-688B-4101-89A8-1230F0328E0A}.AppStore|iPhone.ActiveCfg = AppStore|iPhone
		{0CBAB2AE-688B-4101-89A8-1230F0328E0A}.AppStore|iPhone.Build.0 = AppStore|iPhone
		{0CBAB2AE-688B-4101-89A8-1230F0328E0A}.AppStore|iPhone.Deploy.0 = AppStore|iPhone
		{0CBAB2AE-688B-4101-89A8-1230F0328E0A}.AppStore|iPhoneSimulator.ActiveCfg = AppStore|iPhoneSimulator
		{0CBAB2AE-688B-4101-89A8-1230F0328E0A}.AppStore|iPhoneSimulator.Build.0 = AppStore|iPhoneSimulator
		{0CBAB2AE-688B-4101-89A8-1230F0328E0A}.AppStore|iPhoneSimulator.Deploy.0 = AppStore|iPhoneSimulator
		{0CBAB2AE-688B-4101-89A8-1230F0328E0A}.Debug|Any CPU.ActiveCfg = Debug|iPhoneSimulator
		{0CBAB2AE-688B-4101-89A8-1230F0328E0A}.Debug|Any CPU.Build.0 = Debug|iPhoneSimulator
		{0CBAB2AE-688B-4101-89A8-1230F0328E0A}.Debug|Any CPU.Deploy.0 = Debug|iPhoneSimulator
		{0CBAB2AE-688B-4101-89A8-1230F0328E0A}.Debug|iPhone.ActiveCfg = Debug|iPhone
		{0CBAB2AE-688B-4101-89A8-1230F0328E0A}.Debug|iPhone.Build.0 = Debug|iPhone
		{0CBAB2AE-688B-4101-89A8-1230F0328E0A}.Debug|iPhone.Deploy.0 = Debug|iPhone
		{0CBAB2AE-688B-4101-89A8-1230F0328E0A}.Debug|iPhoneSimulator.ActiveCfg = Debug|iPhoneSimulator
		{0CBAB2AE-688B-4101-89A8-1230F0328E0A}.Debug|iPhoneSimulator.Build.0 = Debug|iPhoneSimulator
		{0CBAB2AE-688B-4101-89A8-1230F0328E0A}.Debug|iPhoneSimulator.Deploy.0 = Debug|iPhoneSimulator
		{0CBAB2AE-688B-4101-89A8-1230F0328E0A}.Release|Any CPU.ActiveCfg = Release|iPhone
		{0CBAB2AE-688B-4101-89A8-1230F0328E0A}.Release|Any CPU.Build.0 = Release|iPhone
		{0CBAB2AE-688B-4101-89A8-1230F0328E0A}.Release|Any CPU.Deploy.0 = Release|iPhone
		{0CBAB2AE-688B-4101-89A8-1230F0328E0A}.Release|iPhone.ActiveCfg = Release|iPhone
		{0CBAB2AE-688B-4101-89A8-1230F0328E0A}.Release|iPhone.Build.0 = Release|iPhone
		{0CBAB2AE-688B-4101-89A8-1230F0328E0A}.Release|iPhone.Deploy.0 = Release|iPhone
		{0CBAB2AE-688B-4101-89A8-1230F0328E0A}.Release|iPhoneSimulator.ActiveCfg = Release|iPhoneSimulator
		{0CBAB2AE-688B-4101-89A8-1230F0328E0A}.Release|iPhoneSimulator.Build.0 = Release|iPhoneSimulator
		{0CBAB2AE-688B-4101-89A8-1230F0328E0A}.Release|iPhoneSimulator.Deploy.0 = Release|iPhoneSimulator
		{7BF3E71A-F52C-4EA5-9DCC-B4922D73EEEE}.Ad-Hoc|Any CPU.ActiveCfg = Debug|Any CPU
		{7BF3E71A-F52C-4EA5-9DCC-B4922D73EEEE}.Ad-Hoc|Any CPU.Build.0 = Debug|Any CPU
		{7BF3E71A-F52C-4EA5-9DCC-B4922D73EEEE}.Ad-Hoc|Any CPU.Deploy.0 = Debug|Any CPU
		{7BF3E71A-F52C-4EA5-9DCC-B4922D73EEEE}.Ad-Hoc|iPhone.ActiveCfg = Debug|Any CPU
		{7BF3E71A-F52C-4EA5-9DCC-B4922D73EEEE}.Ad-Hoc|iPhone.Build.0 = Debug|Any CPU
		{7BF3E71A-F52C-4EA5-9DCC-B4922D73EEEE}.Ad-Hoc|iPhone.Deploy.0 = Debug|Any CPU
		{7BF3E71A-F52C-4EA5-9DCC-B4922D73EEEE}.Ad-Hoc|iPhoneSimulator.ActiveCfg = Debug|Any CPU
		{7BF3E71A-F52C-4EA5-9DCC-B4922D73EEEE}.Ad-Hoc|iPhoneSimulator.Build.0 = Debug|Any CPU
		{7BF3E71A-F52C-4EA5-9DCC-B4922D73EEEE}.Ad-Hoc|iPhoneSimulator.Deploy.0 = Debug|Any CPU
		{7BF3E71A-F52C-4EA5-9DCC-B4922D73EEEE}.AppStore|Any CPU.ActiveCfg = Debug|Any CPU
		{7BF3E71A-F52C-4EA5-9DCC-B4922D73EEEE}.AppStore|Any CPU.Build.0 = Debug|Any CPU
		{7BF3E71A-F52C-4EA5-9DCC-B4922D73EEEE}.AppStore|Any CPU.Deploy.0 = Debug|Any CPU
		{7BF3E71A-F52C-4EA5-9DCC-B4922D73EEEE}.AppStore|iPhone.ActiveCfg = Debug|Any CPU
		{7BF3E71A-F52C-4EA5-9DCC-B4922D73EEEE}.AppStore|iPhone.Build.0 = Debug|Any CPU
		{7BF3E71A-F52C-4EA5-9DCC-B4922D73EEEE}.AppStore|iPhone.Deploy.0 = Debug|Any CPU
		{7BF3E71A-F52C-4EA5-9DCC-B4922D73EEEE}.AppStore|iPhoneSimulator.ActiveCfg = Debug|Any CPU
		{7BF3E71A-F52C-4EA5-9DCC-B4922D73EEEE}.AppStore|iPhoneSimulator.Build.0 = Debug|Any CPU
		{7BF3E71A-F52C-4EA5-9DCC-B4922D73EEEE}.AppStore|iPhoneSimulator.Deploy.0 = Debug|Any CPU
		{7BF3E71A-F52C-4EA5-9DCC-B4922D73EEEE}.Debug|Any CPU.ActiveCfg = Debug|Any CPU
		{7BF3E71A-F52C-4EA5-9DCC-B4922D73EEEE}.Debug|Any CPU.Build.0 = Debug|Any CPU
		{7BF3E71A-F52C-4EA5-9DCC-B4922D73EEEE}.Debug|Any CPU.Deploy.0 = Debug|Any CPU
		{7BF3E71A-F52C-4EA5-9DCC-B4922D73EEEE}.Debug|iPhone.ActiveCfg = Debug|Any CPU
		{7BF3E71A-F52C-4EA5-9DCC-B4922D73EEEE}.Debug|iPhone.Build.0 = Debug|Any CPU
		{7BF3E71A-F52C-4EA5-9DCC-B4922D73EEEE}.Debug|iPhone.Deploy.0 = Debug|Any CPU
		{7BF3E71A-F52C-4EA5-9DCC-B4922D73EEEE}.Debug|iPhoneSimulator.ActiveCfg = Debug|Any CPU
		{7BF3E71A-F52C-4EA5-9DCC-B4922D73EEEE}.Debug|iPhoneSimulator.Build.0 = Debug|Any CPU
		{7BF3E71A-F52C-4EA5-9DCC-B4922D73EEEE}.Debug|iPhoneSimulator.Deploy.0 = Debug|Any CPU
		{7BF3E71A-F52C-4EA5-9DCC-B4922D73EEEE}.Release|Any CPU.ActiveCfg = Release|Any CPU
		{7BF3E71A-F52C-4EA5-9DCC-B4922D73EEEE}.Release|Any CPU.Build.0 = Release|Any CPU
		{7BF3E71A-F52C-4EA5-9DCC-B4922D73EEEE}.Release|Any CPU.Deploy.0 = Release|Any CPU
		{7BF3E71A-F52C-4EA5-9DCC-B4922D73EEEE}.Release|iPhone.ActiveCfg = Release|Any CPU
		{7BF3E71A-F52C-4EA5-9DCC-B4922D73EEEE}.Release|iPhone.Build.0 = Release|Any CPU
		{7BF3E71A-F52C-4EA5-9DCC-B4922D73EEEE}.Release|iPhone.Deploy.0 = Release|Any CPU
		{7BF3E71A-F52C-4EA5-9DCC-B4922D73EEEE}.Release|iPhoneSimulator.ActiveCfg = Release|Any CPU
		{7BF3E71A-F52C-4EA5-9DCC-B4922D73EEEE}.Release|iPhoneSimulator.Build.0 = Release|Any CPU
		{7BF3E71A-F52C-4EA5-9DCC-B4922D73EEEE}.Release|iPhoneSimulator.Deploy.0 = Release|Any CPU
	EndGlobalSection
	GlobalSection(SolutionProperties) = preSolution
		HideSolutionNode = FALSE
	EndGlobalSection
	GlobalSection(ExtensibilityGlobals) = postSolution
		SolutionGuid = {5D7201A4-4915-44A5-ABB9-5CEAA7044DF9}
	EndGlobalSection
EndGlobal
